# This file is autogenerated, do not edit; changes may be undone by the next 'dep ensure'.


[[projects]]
  name = "github.com/BurntSushi/toml"
  packages = ["."]
  revision = "b26d9c308763d68093482582cea63d69be07a0f0"
  version = "v0.3.0"

[[projects]]
  name = "github.com/Masterminds/semver"
  packages = ["."]
  revision = "c7af12943936e8c39859482e61f0574c2fd7fc75"
  version = "v1.4.2"

[[projects]]
  name = "github.com/ghodss/yaml"
  packages = ["."]
  revision = "0ca9ea5df5451ffdf184b4428c902747c2c11cd7"
  version = "v1.0.0"

[[projects]]
  name = "github.com/gobwas/glob"
  packages = [
    ".",
    "compiler",
    "match",
    "syntax",
    "syntax/ast",
    "syntax/lexer",
    "util/runes",
    "util/strings"
  ]
  revision = "5ccd90ef52e1e632236f7326478d4faa74f99438"
  version = "v0.2.3"

[[projects]]
  name = "github.com/golang/protobuf"
  packages = [
    "proto",
    "ptypes/any",
    "ptypes/timestamp"
  ]
  revision = "aa810b61a9c79d51363740d207bb46cf8e620ed5"
  version = "v1.2.0"

[[projects]]
  name = "github.com/inconshreveable/mousetrap"
  packages = ["."]
  revision = "76626ae9c91c4f2a10f34cad8ce83ea42c93bb75"
  version = "v1.0"

[[projects]]
  name = "github.com/spf13/cobra"
  packages = ["."]
  revision = "ef82de70bb3f60c65fb8eebacbb2d122ef517385"
  version = "v0.0.3"

[[projects]]
  name = "github.com/spf13/pflag"
  packages = ["."]
  revision = "9a97c102cda95a86cec2345a6f09f55a939babf5"
  version = "v1.0.2"

[[projects]]
  branch = "master"
  name = "golang.org/x/crypto"
  packages = [
    "cast5",
    "openpgp",
    "openpgp/armor",
    "openpgp/clearsign",
    "openpgp/elgamal",
    "openpgp/errors",
    "openpgp/packet",
    "openpgp/s2k"
  ]
  revision = "614d502a4dac94afa3a6ce146bd1736da82514c6"

[[projects]]
  name = "gopkg.in/yaml.v2"
  packages = ["."]
  revision = "5420a8b6744d3b0345ab293f6fcba19c978f1183"
  version = "v2.2.1"

[[projects]]
  branch = "master"
  name = "k8s.io/apimachinery"
  packages = ["pkg/version"]
  revision = "017bf4f8f5884203a401400e511f4c8fc2eded21"

[[projects]]
  name = "k8s.io/client-go"
  packages = ["util/homedir"]
  revision = "7d04d0e2a0a1a4d4a1cd6baa432a2301492e4e65"
  version = "v8.0.0"

[[projects]]
  name = "k8s.io/helm"
  packages = [
    "pkg/chartutil",
    "pkg/getter",
    "pkg/helm/environment",
    "pkg/helm/helmpath",
    "pkg/ignore",
    "pkg/plugin",
    "pkg/proto/hapi/chart",
    "pkg/proto/hapi/version",
    "pkg/provenance",
    "pkg/repo",
    "pkg/sympath",
    "pkg/tlsutil",
    "pkg/urlutil",
    "pkg/version"
  ]
  revision = "9ad53aac42165a5fadc6c87be0dea6b115f93090"
  version = "v2.10.0"

[solve-meta]
  analyzer-name = "dep"
  analyzer-version = 1
  inputs-digest = "26179f9e50b7ac941ec9e2081ad279b0bf2ece59a464a9d6415ad7822d2ef38c"
  solver-name = "gps-cdcl"
  solver-version = 1
